
Microsoft Visual Studio Solution File, Format Version 12.00
# Visual Studio Version 16
VisualStudioVersion = 16.0.30320.27
MinimumVisualStudioVersion = 10.0.40219.1
Project("{FAE04EC0-301F-11D3-BF4B-00C04F79EFBC}") = "Timer3", "Timer3\Timer3.csproj", "{369950E5-C318-480D-BDA7-A614D5EFE4F1}"
EndProject
Global
	GlobalSection(SolutionConfigurationPlatforms) = preSolution
		Debug|Any CPU = Debug|Any CPU
		Release|Any CPU = Release|Any CPU
	EndGlobalSection
	GlobalSection(ProjectConfigurationPlatforms) = postSolution
		{369950E5-C318-480D-BDA7-A614D5EFE4F1}.Debug|Any CPU.ActiveCfg = Debug|Any CPU
		{369950E5-C318-480D-BDA7-A614D5EFE4F1}.Debug|Any CPU.Build.0 = Debug|Any CPU
		{369950E5-C318-480D-BDA7-A614D5EFE4F1}.Release|Any CPU.ActiveCfg = Release|Any CPU
		{369950E5-C318-480D-BDA7-A614D5EFE4F1}.Release|Any CPU.Build.0 = Release|Any CPU
	EndGlobalSection
	GlobalSection(SolutionProperties) = preSolution
		HideSolutionNode = FALSE
	EndGlobalSection
	GlobalSection(ExtensibilityGlobals) = postSolution
		SolutionGuid = {B0AC0031-08A1-4857-9F03-88ECD9E91237}
	EndGlobalSection
EndGlobal
